
Microsoft Visual Studio Solution File, Format Version 12.00
# Visual Studio Version 17
VisualStudioVersion = 17.6.33815.320
MinimumVisualStudioVersion = 10.0.40219.1
Project("{9A19103F-16F7-4668-BE54-9A1E7A4F7556}") = "ProjectBigBang", "ProjectBigBang.csproj", "{B6139E97-8C68-4EE1-A838-B58F17722EB4}"
EndProject
Project("{9A19103F-16F7-4668-BE54-9A1E7A4F7556}") = "TourismApi", "..\TourismApi\TourismApi.csproj", "{216CE5E9-F965-42F5-9134-B0E55979A55C}"
EndProject
Global
	GlobalSection(SolutionConfigurationPlatforms) = preSolution
		Debug|Any CPU = Debug|Any CPU
		Release|Any CPU = Release|Any CPU
	EndGlobalSection
	GlobalSection(ProjectConfigurationPlatforms) = postSolution
		{B6139E97-8C68-4EE1-A838-B58F17722EB4}.Debug|Any CPU.ActiveCfg = Debug|Any CPU
		{B6139E97-8C68-4EE1-A838-B58F17722EB4}.Debug|Any CPU.Build.0 = Debug|Any CPU
		{B6139E97-8C68-4EE1-A838-B58F17722EB4}.Release|Any CPU.ActiveCfg = Release|Any CPU
		{B6139E97-8C68-4EE1-A838-B58F17722EB4}.Release|Any CPU.Build.0 = Release|Any CPU
		{216CE5E9-F965-42F5-9134-B0E55979A55C}.Debug|Any CPU.ActiveCfg = Debug|Any CPU
		{216CE5E9-F965-42F5-9134-B0E55979A55C}.Debug|Any CPU.Build.0 = Debug|Any CPU
		{216CE5E9-F965-42F5-9134-B0E55979A55C}.Release|Any CPU.ActiveCfg = Release|Any CPU
		{216CE5E9-F965-42F5-9134-B0E55979A55C}.Release|Any CPU.Build.0 = Release|Any CPU
	EndGlobalSection
	GlobalSection(SolutionProperties) = preSolution
		HideSolutionNode = FALSE
	EndGlobalSection
	GlobalSection(ExtensibilityGlobals) = postSolution
		SolutionGuid = {2F2F3FE9-4453-4ADA-A42D-99A542443CDD}
	EndGlobalSection
EndGlobal
