
Microsoft Visual Studio Solution File, Format Version 12.00
# Visual Studio Version 17
VisualStudioVersion = 17.5.33516.290
MinimumVisualStudioVersion = 10.0.40219.1
Project("{FAE04EC0-301F-11D3-BF4B-00C04F79EFBC}") = "UnitTestings", "NUnit\UnitTestings.csproj", "{4D17F231-CA17-4549-A1E3-0AFB006C9975}"
EndProject
Project("{FAE04EC0-301F-11D3-BF4B-00C04F79EFBC}") = "MathOperation", "MathOperation\MathOperation.csproj", "{702AD8C6-EDA6-4310-8F85-1F12950CAFB3}"
EndProject
Project("{FAE04EC0-301F-11D3-BF4B-00C04F79EFBC}") = "Calculations", "Calculations\Calculations.csproj", "{45B2EAC5-2E09-445D-B065-672A2A877056}"
EndProject
Global
	GlobalSection(SolutionConfigurationPlatforms) = preSolution
		Debug|Any CPU = Debug|Any CPU
		Release|Any CPU = Release|Any CPU
	EndGlobalSection
	GlobalSection(ProjectConfigurationPlatforms) = postSolution
		{4D17F231-CA17-4549-A1E3-0AFB006C9975}.Debug|Any CPU.ActiveCfg = Debug|Any CPU
		{4D17F231-CA17-4549-A1E3-0AFB006C9975}.Debug|Any CPU.Build.0 = Debug|Any CPU
		{4D17F231-CA17-4549-A1E3-0AFB006C9975}.Release|Any CPU.ActiveCfg = Release|Any CPU
		{4D17F231-CA17-4549-A1E3-0AFB006C9975}.Release|Any CPU.Build.0 = Release|Any CPU
		{702AD8C6-EDA6-4310-8F85-1F12950CAFB3}.Debug|Any CPU.ActiveCfg = Debug|Any CPU
		{702AD8C6-EDA6-4310-8F85-1F12950CAFB3}.Debug|Any CPU.Build.0 = Debug|Any CPU
		{702AD8C6-EDA6-4310-8F85-1F12950CAFB3}.Release|Any CPU.ActiveCfg = Release|Any CPU
		{702AD8C6-EDA6-4310-8F85-1F12950CAFB3}.Release|Any CPU.Build.0 = Release|Any CPU
		{45B2EAC5-2E09-445D-B065-672A2A877056}.Debug|Any CPU.ActiveCfg = Debug|Any CPU
		{45B2EAC5-2E09-445D-B065-672A2A877056}.Debug|Any CPU.Build.0 = Debug|Any CPU
		{45B2EAC5-2E09-445D-B065-672A2A877056}.Release|Any CPU.ActiveCfg = Release|Any CPU
		{45B2EAC5-2E09-445D-B065-672A2A877056}.Release|Any CPU.Build.0 = Release|Any CPU
	EndGlobalSection
	GlobalSection(SolutionProperties) = preSolution
		HideSolutionNode = FALSE
	EndGlobalSection
	GlobalSection(ExtensibilityGlobals) = postSolution
		SolutionGuid = {61EDF509-4533-437A-9AA4-BFE12BB07F0F}
	EndGlobalSection
EndGlobal
