
Microsoft Visual Studio Solution File, Format Version 12.00
# Visual Studio Version 17
VisualStudioVersion = 17.5.33530.505
MinimumVisualStudioVersion = 10.0.40219.1
Project("{FAE04EC0-301F-11D3-BF4B-00C04F79EFBC}") = "Authentication", "Authentication.csproj", "{268FEF4B-7EBB-4886-ABC3-6B37D803B735}"
EndProject
Global
	GlobalSection(SolutionConfigurationPlatforms) = preSolution
		Debug|Any CPU = Debug|Any CPU
		Release|Any CPU = Release|Any CPU
	EndGlobalSection
	GlobalSection(ProjectConfigurationPlatforms) = postSolution
		{268FEF4B-7EBB-4886-ABC3-6B37D803B735}.Debug|Any CPU.ActiveCfg = Debug|Any CPU
		{268FEF4B-7EBB-4886-ABC3-6B37D803B735}.Debug|Any CPU.Build.0 = Debug|Any CPU
		{268FEF4B-7EBB-4886-ABC3-6B37D803B735}.Release|Any CPU.ActiveCfg = Release|Any CPU
		{268FEF4B-7EBB-4886-ABC3-6B37D803B735}.Release|Any CPU.Build.0 = Release|Any CPU
	EndGlobalSection
	GlobalSection(SolutionProperties) = preSolution
		HideSolutionNode = FALSE
	EndGlobalSection
	GlobalSection(ExtensibilityGlobals) = postSolution
		SolutionGuid = {C9BAD936-6293-4231-ADDF-9FDB4F1157CB}
	EndGlobalSection
EndGlobal
