
Microsoft Visual Studio Solution File, Format Version 12.00
# Visual Studio Version 17
VisualStudioVersion = 17.5.33530.505
MinimumVisualStudioVersion = 10.0.40219.1
Project("{FAE04EC0-301F-11D3-BF4B-00C04F79EFBC}") = "ThirdAPI", "ThirdAPI.csproj", "{082DB9D9-D794-45E8-8430-C55D22221AFE}"
EndProject
Global
	GlobalSection(SolutionConfigurationPlatforms) = preSolution
		Debug|Any CPU = Debug|Any CPU
		Release|Any CPU = Release|Any CPU
	EndGlobalSection
	GlobalSection(ProjectConfigurationPlatforms) = postSolution
		{082DB9D9-D794-45E8-8430-C55D22221AFE}.Debug|Any CPU.ActiveCfg = Debug|Any CPU
		{082DB9D9-D794-45E8-8430-C55D22221AFE}.Debug|Any CPU.Build.0 = Debug|Any CPU
		{082DB9D9-D794-45E8-8430-C55D22221AFE}.Release|Any CPU.ActiveCfg = Release|Any CPU
		{082DB9D9-D794-45E8-8430-C55D22221AFE}.Release|Any CPU.Build.0 = Release|Any CPU
	EndGlobalSection
	GlobalSection(SolutionProperties) = preSolution
		HideSolutionNode = FALSE
	EndGlobalSection
	GlobalSection(ExtensibilityGlobals) = postSolution
		SolutionGuid = {0DE1B3DE-942C-46F1-8EBC-CDA72697EF53}
	EndGlobalSection
EndGlobal
